{
  "nodes": {
    "doom-emacs": {
      "flake": false,
      "locked": {
        "lastModified": 1619055904,
        "narHash": "sha256-/D1u/smt0y+VUb5t4LHHRbvfM4WKDCIZPHN5m3eOPbk=",
        "owner": "hlissner",
        "repo": "doom-emacs",
        "rev": "f621ff80471e8d08a72e5ece00641c70b121873a",
        "type": "github"
      },
      "original": {
        "owner": "hlissner",
        "repo": "doom-emacs",
        "type": "github"
      }
    },
    "emacs-overlay": {
      "locked": {
        "lastModified": 1619346123,
        "narHash": "sha256-smcbxEQp3vQlB2uS13R9AZbj7o9P4B1vozSTFaeBZik=",
        "owner": "nix-community",
        "repo": "emacs-overlay",
        "rev": "4b4e66def7af0500d5cc6c293c9449448ee07d55",
        "type": "github"
      },
      "original": {
        "owner": "nix-community",
        "repo": "emacs-overlay",
        "type": "github"
      }
    },
    "firenvim": {
      "flake": false,
      "locked": {
        "lastModified": 1619338088,
        "narHash": "sha256-+28nWzQWDfbGLu0+OiIh6EfTNYq0DXvTjlmqihm6PRg=",
        "owner": "glacambre",
        "repo": "firenvim",
        "rev": "32087a049f016ee0672aee400249e822c81519f1",
        "type": "github"
      },
      "original": {
        "owner": "glacambre",
        "repo": "firenvim",
        "type": "github"
      }
    },
    "home-manager": {
      "inputs": {
        "nixpkgs": [
          "nixpkgs"
        ]
      },
      "locked": {
        "lastModified": 1619330208,
        "narHash": "sha256-l2Ci3ZPsdjMoWtRdTEQQBOkYUisKYxfjeUs5QCTtuEY=",
        "owner": "rycee",
        "repo": "home-manager",
        "rev": "827636c619ce0d8178ddc08ab86ee92b50f2e5b4",
        "type": "github"
      },
      "original": {
        "owner": "rycee",
        "repo": "home-manager",
        "type": "github"
      }
    },
    "nixpkgs": {
      "locked": {
        "lastModified": 1619232882,
        "narHash": "sha256-QS5CWxDYobx5cH3dm61k8jwgJlc4TCAo+o/9GwAc51M=",
        "owner": "nixos",
        "repo": "nixpkgs",
        "rev": "93de027ee045d0c1fbf13418fb86d86e6309b962",
        "type": "github"
      },
      "original": {
        "owner": "nixos",
        "ref": "nixos-unstable",
        "repo": "nixpkgs",
        "type": "github"
      }
    },
    "root": {
      "inputs": {
        "doom-emacs": "doom-emacs",
        "emacs-overlay": "emacs-overlay",
        "firenvim": "firenvim",
        "home-manager": "home-manager",
        "nixpkgs": "nixpkgs",
        "sops-nix": "sops-nix"
      }
    },
    "sops-nix": {
      "inputs": {
        "nixpkgs": [
          "nixpkgs"
        ]
      },
      "locked": {
        "lastModified": 1618840526,
        "narHash": "sha256-3VAac44xE+kO8o7BQXLqHrAMUQT+XqIK8BcLkEEDwOA=",
        "owner": "Mic92",
        "repo": "sops-nix",
        "rev": "4f384662a85804fa2bc1bc1f99e70bb468e76f88",
        "type": "github"
      },
      "original": {
        "owner": "Mic92",
        "repo": "sops-nix",
        "type": "github"
      }
    }
  },
  "root": "root",
  "version": 7
}
