{
  "nodes": {
    "doom-emacs": {
      "flake": false,
      "locked": {
        "lastModified": 1644462436,
        "narHash": "sha256-i7Kezaebfg3ZZtHdLJt4vufcUnuCKlHF03w0AIxtpts=",
        "owner": "hlissner",
        "repo": "doom-emacs",
        "rev": "d833242de7f0e6c5cc33df45b7403347ceb5f0cb",
        "type": "github"
      },
      "original": {
        "owner": "hlissner",
        "repo": "doom-emacs",
        "type": "github"
      }
    },
    "emacs": {
      "flake": false,
      "locked": {
        "lastModified": 1641310983,
        "narHash": "sha256-wCZkigHmmPZYgF+YQI5GQK/hqK7Z01gKSy8TyZTBajc=",
        "rev": "a0263cfee3cf64f4a77f90591af7ef7d8d78d8db",
        "revCount": 153372,
        "type": "git",
        "url": "https://git.savannah.gnu.org/git/emacs.git"
      },
      "original": {
        "rev": "a0263cfee3cf64f4a77f90591af7ef7d8d78d8db",
        "type": "git",
        "url": "https://git.savannah.gnu.org/git/emacs.git"
      }
    },
    "emacs-overlay": {
      "locked": {
        "lastModified": 1644143491,
        "narHash": "sha256-ld5MzYesjOE8Ml5uvjFUFaxAozJEl48svwWQ3i7oggc=",
        "owner": "nix-community",
        "repo": "emacs-overlay",
        "rev": "4c7e0980a5f23684ca3ea772d4f62b0da4f55e3c",
        "type": "github"
      },
      "original": {
        "owner": "nix-community",
        "repo": "emacs-overlay",
        "type": "github"
      }
    },
    "firenvim": {
      "flake": false,
      "locked": {
        "lastModified": 1644073622,
        "narHash": "sha256-gEIGdQkc7jov68B5Q/o/XmDG9eWOMYq8eY7QW+inykI=",
        "owner": "glacambre",
        "repo": "firenvim",
        "rev": "0cbb89be80b337982abb3f9d1d5058800b351015",
        "type": "github"
      },
      "original": {
        "owner": "glacambre",
        "repo": "firenvim",
        "type": "github"
      }
    },
    "home-manager": {
      "inputs": {
        "nixpkgs": [
          "nixpkgs"
        ]
      },
      "locked": {
        "lastModified": 1643933104,
        "narHash": "sha256-NZPuFxRsZKN8pjRuHPpzlMyt6JQhcjiduBG8bMghSjE=",
        "owner": "rycee",
        "repo": "home-manager",
        "rev": "63dccc4e60422c1db2c3929b2fd1541f36b7e664",
        "type": "github"
      },
      "original": {
        "owner": "rycee",
        "repo": "home-manager",
        "type": "github"
      }
    },
    "nixpkgs": {
      "locked": {
        "lastModified": 1643805626,
        "narHash": "sha256-AXLDVMG+UaAGsGSpOtQHPIKB+IZ0KSd9WS77aanGzgc=",
        "owner": "nixos",
        "repo": "nixpkgs",
        "rev": "554d2d8aa25b6e583575459c297ec23750adb6cb",
        "type": "github"
      },
      "original": {
        "owner": "nixos",
        "ref": "nixos-unstable",
        "repo": "nixpkgs",
        "type": "github"
      }
    },
    "nixpkgs-rust-analyzer": {
      "locked": {
        "lastModified": 1644161820,
        "narHash": "sha256-oGi5gaCi+e5m1hF1kSmZThuL80NPFyEgNir+d93b5Jw=",
        "owner": "nixos",
        "repo": "nixpkgs",
        "rev": "189f73465b9b1c7534e28e327283c4cdd34ddf41",
        "type": "github"
      },
      "original": {
        "owner": "nixos",
        "repo": "nixpkgs",
        "type": "github"
      }
    },
    "nixpkgs_2": {
      "locked": {
        "lastModified": 1638097282,
        "narHash": "sha256-EXCzj9b8X/lqDPJapxZThIOKL5ASbpsJZ+8L1LnY1ig=",
        "owner": "NixOS",
        "repo": "nixpkgs",
        "rev": "78cb77b29d37a9663e05b61abb4fa09465da4b70",
        "type": "github"
      },
      "original": {
        "owner": "NixOS",
        "ref": "nixpkgs-unstable",
        "repo": "nixpkgs",
        "type": "github"
      }
    },
    "root": {
      "inputs": {
        "doom-emacs": "doom-emacs",
        "emacs": "emacs",
        "emacs-overlay": "emacs-overlay",
        "firenvim": "firenvim",
        "home-manager": "home-manager",
        "nixpkgs": "nixpkgs",
        "nixpkgs-rust-analyzer": "nixpkgs-rust-analyzer",
        "sops-nix": "sops-nix"
      }
    },
    "sops-nix": {
      "inputs": {
        "nixpkgs": "nixpkgs_2"
      },
      "locked": {
        "lastModified": 1643003126,
        "narHash": "sha256-JO5WrnP6+5qN3isdmm9VmjzvCM64UElgGnql7vEGjKU=",
        "owner": "Mic92",
        "repo": "sops-nix",
        "rev": "c86068ac9a317f235be24a468206f874ba00f8d0",
        "type": "github"
      },
      "original": {
        "owner": "Mic92",
        "repo": "sops-nix",
        "type": "github"
      }
    }
  },
  "root": "root",
  "version": 7
}
