{
  "nodes": {
    "doom-emacs": {
      "flake": false,
      "locked": {
        "lastModified": 1620496435,
        "narHash": "sha256-UNOXi7GoYIVbFji/wVENBSrgdUYWXSOC8zwW5fhT5k4=",
        "owner": "hlissner",
        "repo": "doom-emacs",
        "rev": "f3c496d295c04ac1bed3266cc72c3b9b222fe4cd",
        "type": "github"
      },
      "original": {
        "owner": "hlissner",
        "repo": "doom-emacs",
        "type": "github"
      }
    },
    "emacs-overlay": {
      "locked": {
        "lastModified": 1620470822,
        "narHash": "sha256-w/aj0MdNd3vAYQfIzDbW1wJjHd6XGqhDHYK4SogDIZg=",
        "owner": "nix-community",
        "repo": "emacs-overlay",
        "rev": "58d86bc075f30b1cfc8f40269adfa04c4c41e524",
        "type": "github"
      },
      "original": {
        "owner": "nix-community",
        "repo": "emacs-overlay",
        "type": "github"
      }
    },
    "firenvim": {
      "flake": false,
      "locked": {
        "lastModified": 1620205948,
        "narHash": "sha256-jnFt/RLewaCzRyIvw1Qs5oDyDBNSDCRD5B3nGbJu5Kc=",
        "owner": "glacambre",
        "repo": "firenvim",
        "rev": "b8745315e159914f6e6dc8fb7588c53aa87c2fe5",
        "type": "github"
      },
      "original": {
        "owner": "glacambre",
        "repo": "firenvim",
        "type": "github"
      }
    },
    "home-manager": {
      "inputs": {
        "nixpkgs": [
          "nixpkgs"
        ]
      },
      "locked": {
        "lastModified": 1620466752,
        "narHash": "sha256-PvG6OWDCnjpZhUXDl9MHLBOZaiNjekEJY5Q90cqwSMg=",
        "owner": "rycee",
        "repo": "home-manager",
        "rev": "4896c500742a2a2e86e71018e17e617c5ffc74c6",
        "type": "github"
      },
      "original": {
        "owner": "rycee",
        "repo": "home-manager",
        "type": "github"
      }
    },
    "nixpkgs": {
      "locked": {
        "lastModified": 1620340338,
        "narHash": "sha256-Op/4K0+Z9Sp5jtFH0s/zMM4H7VFZxrekcAmjQ6JpQ4w=",
        "owner": "nixos",
        "repo": "nixpkgs",
        "rev": "63586475587d7e0e078291ad4b49b6f6a6885100",
        "type": "github"
      },
      "original": {
        "owner": "nixos",
        "ref": "nixos-unstable",
        "repo": "nixpkgs",
        "type": "github"
      }
    },
    "root": {
      "inputs": {
        "doom-emacs": "doom-emacs",
        "emacs-overlay": "emacs-overlay",
        "firenvim": "firenvim",
        "home-manager": "home-manager",
        "nixpkgs": "nixpkgs",
        "sops-nix": "sops-nix"
      }
    },
    "sops-nix": {
      "inputs": {
        "nixpkgs": [
          "nixpkgs"
        ]
      },
      "locked": {
        "lastModified": 1618840526,
        "narHash": "sha256-3VAac44xE+kO8o7BQXLqHrAMUQT+XqIK8BcLkEEDwOA=",
        "owner": "Mic92",
        "repo": "sops-nix",
        "rev": "4f384662a85804fa2bc1bc1f99e70bb468e76f88",
        "type": "github"
      },
      "original": {
        "owner": "Mic92",
        "repo": "sops-nix",
        "type": "github"
      }
    }
  },
  "root": "root",
  "version": 7
}
